{
  "lockfileVersion": 1,
  "configVersion": 1,
  "workspaces": {
    "": {
      "name": "typecheck-env-trpc-11",
      "dependencies": {
        "@trpc/client": "11.9.0",
        "@trpc/server": "11.9.0",
        "superjson": "2.2.2",
        "typescript": "5.7.3",
        "zod": "3.25.76",
      },
    },
  },
  "packages": {
    "@trpc/client": ["@trpc/client@11.9.0", "", { "peerDependencies": { "@trpc/server": "11.9.0", "typescript": ">=5.7.2" } }, "sha512-3r4RT/GbR263QO+2gCPyrs5fEYaXua3/AzCs+GbWC09X0F+mVkyBpO3GRSDObiNU/N1YB597U7WGW3WA1d1TVw=="],

    "@trpc/server": ["@trpc/server@11.9.0", "", { "peerDependencies": { "typescript": ">=5.7.2" } }, "sha512-T8gC4NOCzx8tCsQEQ5sSjf24bN+9AEqXZRfpThG+YCEmcEwXfS7RP8VVrl5Vodt1S+zGEDyQSof4YVAj1zq/mg=="],

    "copy-anything": ["copy-anything@3.0.5", "", { "dependencies": { "is-what": "^4.1.8" } }, "sha512-yCEafptTtb4bk7GLEQoM8KVJpxAfdBJYaXyzQEgQQQgYrZiDp8SJmGKlYza6CYjEDNstAdNdKA3UuoULlEbS6w=="],

    "is-what": ["is-what@4.1.16", "", {}, "sha512-ZhMwEosbFJkA0YhFnNDgTM4ZxDRsS6HqTo7qsZM08fehyRYIYa0yHu5R6mgo1n/8MgaPBXiPimPD77baVFYg+A=="],

    "superjson": ["superjson@2.2.2", "", { "dependencies": { "copy-anything": "^3.0.2" } }, "sha512-5JRxVqC8I8NuOUjzBbvVJAKNM8qoVuH0O77h4WInc/qC2q5IreqKxYwgkga3PfA22OayK2ikceb/B26dztPl+Q=="],

    "typescript": ["typescript@5.7.3", "", { "bin": { "tsc": "bin/tsc", "tsserver": "bin/tsserver" } }, "sha512-84MVSjMEHP+FQRPy3pX9sTVV/INIex71s9TL2Gm5FG/WG1SqXeKyZ0k7/blY/4FdOzI12CBy1vGc4og/eus0fw=="],

    "zod": ["zod@3.25.76", "", {}, "sha512-gzUt/qt81nXsFGKIFcC3YnfEAx5NkunCfnDlvuBSSFS02bcXu4Lmea0AFIUwbLWxWPx3d9p8S5QoaujKcNQxcQ=="],
  }
}
